
Microsoft Visual Studio Solution File, Format Version 12.00
# Visual Studio Version 16
VisualStudioVersion = 16.0.30711.63
MinimumVisualStudioVersion = 10.0.40219.1
Project("{FAE04EC0-301F-11D3-BF4B-00C04F79EFBC}") = "вызов stk", "вызов stk\вызов stk.csproj", "{79B80420-94E0-411C-AC99-FF99DEE02241}"
EndProject
Global
	GlobalSection(SolutionConfigurationPlatforms) = preSolution
		Debug|Any CPU = Debug|Any CPU
		Release|Any CPU = Release|Any CPU
	EndGlobalSection
	GlobalSection(ProjectConfigurationPlatforms) = postSolution
		{79B80420-94E0-411C-AC99-FF99DEE02241}.Debug|Any CPU.ActiveCfg = Debug|Any CPU
		{79B80420-94E0-411C-AC99-FF99DEE02241}.Debug|Any CPU.Build.0 = Debug|Any CPU
		{79B80420-94E0-411C-AC99-FF99DEE02241}.Release|Any CPU.ActiveCfg = Release|Any CPU
		{79B80420-94E0-411C-AC99-FF99DEE02241}.Release|Any CPU.Build.0 = Release|Any CPU
	EndGlobalSection
	GlobalSection(SolutionProperties) = preSolution
		HideSolutionNode = FALSE
	EndGlobalSection
	GlobalSection(ExtensibilityGlobals) = postSolution
		SolutionGuid = {E3D66DD0-1208-4254-BE3E-EEDE1939EAB6}
	EndGlobalSection
EndGlobal
